// !$*UTF8*$!
{
	archiveVersion = 1;
	classes = {
	};
	objectVersion = 46;
	objects = {

/* Begin PBXBuildFile section */
		5AD28231B3FC6D471A754A89 /* Pods_Rhetorica.framework in Frameworks */ = {isa = PBXBuildFile; fileRef = 1A0EACFD15FD5DD4426087EB /* Pods_Rhetorica.framework */; };
		631521251CB9471300C192E0 /* InfoPlist.strings in Resources */ = {isa = PBXBuildFile; fileRef = 631521271CB9471300C192E0 /* InfoPlist.strings */; };
		631B18DB1CBECE2600440D73 /* fastlane in Resources */ = {isa = PBXBuildFile; fileRef = 631B18DA1CBECE2600440D73 /* fastlane */; };
		631E363B19F060D500CD2DEB /* AppDelegate.swift in Sources */ = {isa = PBXBuildFile; fileRef = 631E363A19F060D500CD2DEB /* AppDelegate.swift */; };
		631E364219F060D500CD2DEB /* Images.xcassets in Resources */ = {isa = PBXBuildFile; fileRef = 631E364119F060D500CD2DEB /* Images.xcassets */; };
		631E365119F060D500CD2DEB /* RhetoricaTests.swift in Sources */ = {isa = PBXBuildFile; fileRef = 631E365019F060D500CD2DEB /* RhetoricaTests.swift */; };
		631E365D19F069A800CD2DEB /* MasterVC.swift in Sources */ = {isa = PBXBuildFile; fileRef = 631E365C19F069A800CD2DEB /* MasterVC.swift */; };
		631E365F19F069C700CD2DEB /* DetailVC.swift in Sources */ = {isa = PBXBuildFile; fileRef = 631E365E19F069C700CD2DEB /* DetailVC.swift */; };
		631E366119F06BCA00CD2DEB /* ListVC.swift in Sources */ = {isa = PBXBuildFile; fileRef = 631E366019F06BCA00CD2DEB /* ListVC.swift */; };
		633FDE5A1BDFB359002DCBC6 /* Main.storyboard in Resources */ = {isa = PBXBuildFile; fileRef = 631E363E19F060D500CD2DEB /* Main.storyboard */; };
		634526CE1BEEB9E30028E4E9 /* NoDeviceView.xib in Resources */ = {isa = PBXBuildFile; fileRef = 634526D01BEEB9E30028E4E9 /* NoDeviceView.xib */; };
		634526D71BEEDA620028E4E9 /* NoListView.xib in Resources */ = {isa = PBXBuildFile; fileRef = 634526D91BEEDA620028E4E9 /* NoListView.xib */; };
		63463EEE1A0BFE8C000C0BBD /* QuizResultsVC.swift in Sources */ = {isa = PBXBuildFile; fileRef = 63463EED1A0BFE8C000C0BBD /* QuizResultsVC.swift */; };
		634D6B4C1A27F90D0043AA5F /* WikipediaVC.swift in Sources */ = {isa = PBXBuildFile; fileRef = 634D6B4B1A27F90D0043AA5F /* WikipediaVC.swift */; };
		6350F1F91A0A9DB60060F055 /* QuizVC.swift in Sources */ = {isa = PBXBuildFile; fileRef = 6350F1F81A0A9DB60060F055 /* QuizVC.swift */; };
		6351D05E1CEA45410076D3FD /* FacebookLogger.swift in Sources */ = {isa = PBXBuildFile; fileRef = 6351D05D1CEA45410076D3FD /* FacebookLogger.swift */; };
		6357C37F1BDD9B9700337BFC /* Localizable.strings in Resources */ = {isa = PBXBuildFile; fileRef = 6357C3811BDD9B9700337BFC /* Localizable.strings */; };
		6357C3871BDDA4EB00337BFC /* Feedback.storyboard in Resources */ = {isa = PBXBuildFile; fileRef = 6357C3891BDDA4EB00337BFC /* Feedback.storyboard */; };
		636DE7A11BE3A4FA009B2BA5 /* LineChart.swift in Sources */ = {isa = PBXBuildFile; fileRef = 636DE7A01BE3A4FA009B2BA5 /* LineChart.swift */; };
		636DE7A31BE3AD78009B2BA5 /* Question.swift in Sources */ = {isa = PBXBuildFile; fileRef = 636DE7A21BE3AD78009B2BA5 /* Question.swift */; };
		636DE7A51BE3B46C009B2BA5 /* QuestionSet.swift in Sources */ = {isa = PBXBuildFile; fileRef = 636DE7A41BE3B46C009B2BA5 /* QuestionSet.swift */; };
		636DE7A71BE3C512009B2BA5 /* QuizButton.swift in Sources */ = {isa = PBXBuildFile; fileRef = 636DE7A61BE3C512009B2BA5 /* QuizButton.swift */; };
		636DE7A91BE3D27C009B2BA5 /* QuizWrongAnswersVC.swift in Sources */ = {isa = PBXBuildFile; fileRef = 636DE7A81BE3D27C009B2BA5 /* QuizWrongAnswersVC.swift */; };
		636DE7AB1BE3DA5E009B2BA5 /* PinnableDeviceCell.swift in Sources */ = {isa = PBXBuildFile; fileRef = 636DE7AA1BE3DA5E009B2BA5 /* PinnableDeviceCell.swift */; };
		638F91381C0690EB00AF75EB /* FeedbackSharingVC.swift in Sources */ = {isa = PBXBuildFile; fileRef = 638F91371C0690EB00AF75EB /* FeedbackSharingVC.swift */; };
		638F913A1C06942F00AF75EB /* FeedbackLikingVC.swift in Sources */ = {isa = PBXBuildFile; fileRef = 638F91391C06942F00AF75EB /* FeedbackLikingVC.swift */; };
		63A16D641D0622980019D624 /* LaunchScreen.storyboard in Resources */ = {isa = PBXBuildFile; fileRef = 63A16D631D0622980019D624 /* LaunchScreen.storyboard */; };
		63A16D761D062ABD0019D624 /* stylisticDevices_de.plist in Resources */ = {isa = PBXBuildFile; fileRef = 63A16D741D062ABD0019D624 /* stylisticDevices_de.plist */; };
		63A16D771D062ABD0019D624 /* stylisticDevices_en.plist in Resources */ = {isa = PBXBuildFile; fileRef = 63A16D751D062ABD0019D624 /* stylisticDevices_en.plist */; };
		63B929761CBE751B0019206F /* CustomHUD.swift in Sources */ = {isa = PBXBuildFile; fileRef = 63B929751CBE751B0019206F /* CustomHUD.swift */; };
		63B9297A1CBE90F00019206F /* SnapshotHelper.swift in Sources */ = {isa = PBXBuildFile; fileRef = 63B929791CBE90F00019206F /* SnapshotHelper.swift */; };
		63BAEA2E1B49CA67004182FA /* DeviceList.swift in Sources */ = {isa = PBXBuildFile; fileRef = 63BAEA2D1B49CA67004182FA /* DeviceList.swift */; };
		63BE3FFD1BC1AC830007EE6D /* FeedbackVC.swift in Sources */ = {isa = PBXBuildFile; fileRef = 63BE3FFC1BC1AC830007EE6D /* FeedbackVC.swift */; };
		63BE3FFF1BC1AC9C0007EE6D /* FeedbackPositiveVC.swift in Sources */ = {isa = PBXBuildFile; fileRef = 63BE3FFE1BC1AC9C0007EE6D /* FeedbackPositiveVC.swift */; };
		63BE40011BC1ACAF0007EE6D /* FeedbackNegativeVC.swift in Sources */ = {isa = PBXBuildFile; fileRef = 63BE40001BC1ACAF0007EE6D /* FeedbackNegativeVC.swift */; };
		63C0D7F21B51211C004EAF81 /* UIImage+.swift in Sources */ = {isa = PBXBuildFile; fileRef = 63C0D7F11B51211C004EAF81 /* UIImage+.swift */; };
		63C542A41BC501E600EBB370 /* FeedbackThanksVC.swift in Sources */ = {isa = PBXBuildFile; fileRef = 63C542A31BC501E600EBB370 /* FeedbackThanksVC.swift */; };
		63D0B29C1BDFFD5100380DF7 /* AboutVC.swift in Sources */ = {isa = PBXBuildFile; fileRef = 63D0B29B1BDFFD5100380DF7 /* AboutVC.swift */; };
		63D0B29E1BDFFD8C00380DF7 /* OtherAppsCell.swift in Sources */ = {isa = PBXBuildFile; fileRef = 63D0B29D1BDFFD8C00380DF7 /* OtherAppsCell.swift */; };
		63D0B2A51BDFFE6A00380DF7 /* UIImage+Resize.swift in Sources */ = {isa = PBXBuildFile; fileRef = 63D0B2A41BDFFE6A00380DF7 /* UIImage+Resize.swift */; };
		63D525D01BC035D9003F35AC /* RoundedButton.swift in Sources */ = {isa = PBXBuildFile; fileRef = 63D525CF1BC035D9003F35AC /* RoundedButton.swift */; };
		63D69BCB1BEACBDB0044A00B /* UIColor+RhetoricaColors.swift in Sources */ = {isa = PBXBuildFile; fileRef = 63D69BCA1BEACBDB0044A00B /* UIColor+RhetoricaColors.swift */; };
		63E274311BDFBFAA0039D1C1 /* Language.swift in Sources */ = {isa = PBXBuildFile; fileRef = 63E274301BDFBFAA0039D1C1 /* Language.swift */; };
		63E58E0D1BD954B500C717B6 /* CollectionType+.swift in Sources */ = {isa = PBXBuildFile; fileRef = 63E58E0C1BD954B500C717B6 /* CollectionType+.swift */; };
		63E8541E1CBD1B66005B5DD9 /* RhetoricaUITests.swift in Sources */ = {isa = PBXBuildFile; fileRef = 63E8541D1CBD1B66005B5DD9 /* RhetoricaUITests.swift */; };
		63EA0C1019F1A59200976A90 /* StylisticDevice.swift in Sources */ = {isa = PBXBuildFile; fileRef = 63EA0C0F19F1A59200976A90 /* StylisticDevice.swift */; };
		63EB1F7C1BBB32A10005A996 /* Pin.swift in Sources */ = {isa = PBXBuildFile; fileRef = 63EB1F7B1BBB32A10005A996 /* Pin.swift */; };
/* End PBXBuildFile section */

/* Begin PBXContainerItemProxy section */
		631E364B19F060D500CD2DEB /* PBXContainerItemProxy */ = {
			isa = PBXContainerItemProxy;
			containerPortal = 631E362D19F060D500CD2DEB /* Project object */;
			proxyType = 1;
			remoteGlobalIDString = 631E363419F060D500CD2DEB;
			remoteInfo = Rhetorica;
		};
		63E854201CBD1B66005B5DD9 /* PBXContainerItemProxy */ = {
			isa = PBXContainerItemProxy;
			containerPortal = 631E362D19F060D500CD2DEB /* Project object */;
			proxyType = 1;
			remoteGlobalIDString = 631E363419F060D500CD2DEB;
			remoteInfo = Rhetorica;
		};
/* End PBXContainerItemProxy section */

/* Begin PBXFileReference section */
		0A1E9A4814F77251BA6DC3C6 /* Pods-Rhetorica.release.xcconfig */ = {isa = PBXFileReference; includeInIndex = 1; lastKnownFileType = text.xcconfig; name = "Pods-Rhetorica.release.xcconfig"; path = "Pods/Target Support Files/Pods-Rhetorica/Pods-Rhetorica.release.xcconfig"; sourceTree = "<group>"; };
		1A0EACFD15FD5DD4426087EB /* Pods_Rhetorica.framework */ = {isa = PBXFileReference; explicitFileType = wrapper.framework; includeInIndex = 0; path = Pods_Rhetorica.framework; sourceTree = BUILT_PRODUCTS_DIR; };
		630C60991CB5150300E9054F /* Info.plist */ = {isa = PBXFileReference; fileEncoding = 4; lastKnownFileType = text.plist.xml; path = Info.plist; sourceTree = "<group>"; };
		631521261CB9471300C192E0 /* Base */ = {isa = PBXFileReference; lastKnownFileType = text.plist.strings; name = Base; path = Base.lproj/InfoPlist.strings; sourceTree = "<group>"; };
		631521281CB9471D00C192E0 /* en */ = {isa = PBXFileReference; lastKnownFileType = text.plist.strings; name = en; path = en.lproj/InfoPlist.strings; sourceTree = "<group>"; };
		631B18DA1CBECE2600440D73 /* fastlane */ = {isa = PBXFileReference; lastKnownFileType = folder; path = fastlane; sourceTree = "<group>"; };
		631E363519F060D500CD2DEB /* Rhetorica.app */ = {isa = PBXFileReference; explicitFileType = wrapper.application; includeInIndex = 0; path = Rhetorica.app; sourceTree = BUILT_PRODUCTS_DIR; };
		631E363A19F060D500CD2DEB /* AppDelegate.swift */ = {isa = PBXFileReference; lastKnownFileType = sourcecode.swift; path = AppDelegate.swift; sourceTree = "<group>"; };
		631E363F19F060D500CD2DEB /* Base */ = {isa = PBXFileReference; lastKnownFileType = file.storyboard; name = Base; path = Base.lproj/Main.storyboard; sourceTree = "<group>"; };
		631E364119F060D500CD2DEB /* Images.xcassets */ = {isa = PBXFileReference; lastKnownFileType = folder.assetcatalog; path = Images.xcassets; sourceTree = "<group>"; };
		631E364A19F060D500CD2DEB /* RhetoricaTests.xctest */ = {isa = PBXFileReference; explicitFileType = wrapper.cfbundle; includeInIndex = 0; path = RhetoricaTests.xctest; sourceTree = BUILT_PRODUCTS_DIR; };
		631E364F19F060D500CD2DEB /* Info.plist */ = {isa = PBXFileReference; lastKnownFileType = text.plist.xml; path = Info.plist; sourceTree = "<group>"; };
		631E365019F060D500CD2DEB /* RhetoricaTests.swift */ = {isa = PBXFileReference; lastKnownFileType = sourcecode.swift; path = RhetoricaTests.swift; sourceTree = "<group>"; };
		631E365C19F069A800CD2DEB /* MasterVC.swift */ = {isa = PBXFileReference; fileEncoding = 4; lastKnownFileType = sourcecode.swift; lineEnding = 0; path = MasterVC.swift; sourceTree = "<group>"; xcLanguageSpecificationIdentifier = xcode.lang.swift; };
		631E365E19F069C700CD2DEB /* DetailVC.swift */ = {isa = PBXFileReference; fileEncoding = 4; lastKnownFileType = sourcecode.swift; lineEnding = 0; path = DetailVC.swift; sourceTree = "<group>"; xcLanguageSpecificationIdentifier = xcode.lang.swift; };
		631E366019F06BCA00CD2DEB /* ListVC.swift */ = {isa = PBXFileReference; fileEncoding = 4; lastKnownFileType = sourcecode.swift; path = ListVC.swift; sourceTree = "<group>"; };
		633FDE5B1BDFB399002DCBC6 /* Base */ = {isa = PBXFileReference; lastKnownFileType = file.storyboard; name = Base; path = Base.lproj/Feedback.storyboard; sourceTree = "<group>"; };
		634526CF1BEEB9E30028E4E9 /* Base */ = {isa = PBXFileReference; lastKnownFileType = file.xib; name = Base; path = Base.lproj/NoDeviceView.xib; sourceTree = "<group>"; };
		634526D21BEEB9E90028E4E9 /* en */ = {isa = PBXFileReference; lastKnownFileType = text.plist.strings; name = en; path = en.lproj/NoDeviceView.strings; sourceTree = "<group>"; };
		634526D81BEEDA620028E4E9 /* Base */ = {isa = PBXFileReference; lastKnownFileType = file.xib; name = Base; path = Base.lproj/NoListView.xib; sourceTree = "<group>"; };
		634526DB1BEEDA640028E4E9 /* en */ = {isa = PBXFileReference; lastKnownFileType = text.plist.strings; name = en; path = en.lproj/NoListView.strings; sourceTree = "<group>"; };
		634526DC1BEEDAB00028E4E9 /* en */ = {isa = PBXFileReference; lastKnownFileType = text.plist.strings; name = en; path = en.lproj/Main.strings; sourceTree = "<group>"; };
		63463EED1A0BFE8C000C0BBD /* QuizResultsVC.swift */ = {isa = PBXFileReference; fileEncoding = 4; lastKnownFileType = sourcecode.swift; path = QuizResultsVC.swift; sourceTree = "<group>"; };
		634D6B4B1A27F90D0043AA5F /* WikipediaVC.swift */ = {isa = PBXFileReference; fileEncoding = 4; lastKnownFileType = sourcecode.swift; path = WikipediaVC.swift; sourceTree = "<group>"; };
		6350F1F81A0A9DB60060F055 /* QuizVC.swift */ = {isa = PBXFileReference; fileEncoding = 4; lastKnownFileType = sourcecode.swift; path = QuizVC.swift; sourceTree = "<group>"; };
		6351D05D1CEA45410076D3FD /* FacebookLogger.swift */ = {isa = PBXFileReference; fileEncoding = 4; lastKnownFileType = sourcecode.swift; name = FacebookLogger.swift; path = ../Networking/FacebookLogger.swift; sourceTree = "<group>"; };
		6357C3841BDD9C6400337BFC /* en */ = {isa = PBXFileReference; lastKnownFileType = text.plist.strings; name = en; path = en.lproj/Localizable.strings; sourceTree = "<group>"; };
		636DE7A01BE3A4FA009B2BA5 /* LineChart.swift */ = {isa = PBXFileReference; fileEncoding = 4; lastKnownFileType = sourcecode.swift; path = LineChart.swift; sourceTree = "<group>"; };
		636DE7A21BE3AD78009B2BA5 /* Question.swift */ = {isa = PBXFileReference; fileEncoding = 4; lastKnownFileType = sourcecode.swift; path = Question.swift; sourceTree = "<group>"; };
		636DE7A41BE3B46C009B2BA5 /* QuestionSet.swift */ = {isa = PBXFileReference; fileEncoding = 4; lastKnownFileType = sourcecode.swift; path = QuestionSet.swift; sourceTree = "<group>"; };
		636DE7A61BE3C512009B2BA5 /* QuizButton.swift */ = {isa = PBXFileReference; fileEncoding = 4; lastKnownFileType = sourcecode.swift; path = QuizButton.swift; sourceTree = "<group>"; };
		636DE7A81BE3D27C009B2BA5 /* QuizWrongAnswersVC.swift */ = {isa = PBXFileReference; fileEncoding = 4; lastKnownFileType = sourcecode.swift; path = QuizWrongAnswersVC.swift; sourceTree = "<group>"; };
		636DE7AA1BE3DA5E009B2BA5 /* PinnableDeviceCell.swift */ = {isa = PBXFileReference; fileEncoding = 4; lastKnownFileType = sourcecode.swift; path = PinnableDeviceCell.swift; sourceTree = "<group>"; };
		638322A31C0E14BD00DF305A /* en */ = {isa = PBXFileReference; lastKnownFileType = text.plist.strings; name = en; path = en.lproj/Feedback.strings; sourceTree = "<group>"; };
		638F91371C0690EB00AF75EB /* FeedbackSharingVC.swift */ = {isa = PBXFileReference; fileEncoding = 4; lastKnownFileType = sourcecode.swift; path = FeedbackSharingVC.swift; sourceTree = "<group>"; };
		638F91391C06942F00AF75EB /* FeedbackLikingVC.swift */ = {isa = PBXFileReference; fileEncoding = 4; lastKnownFileType = sourcecode.swift; path = FeedbackLikingVC.swift; sourceTree = "<group>"; };
		63A16D631D0622980019D624 /* LaunchScreen.storyboard */ = {isa = PBXFileReference; fileEncoding = 4; lastKnownFileType = file.storyboard; name = LaunchScreen.storyboard; path = ../Base.lproj/LaunchScreen.storyboard; sourceTree = "<group>"; };
		63A16D741D062ABD0019D624 /* stylisticDevices_de.plist */ = {isa = PBXFileReference; fileEncoding = 4; lastKnownFileType = text.plist.xml; path = stylisticDevices_de.plist; sourceTree = "<group>"; };
		63A16D751D062ABD0019D624 /* stylisticDevices_en.plist */ = {isa = PBXFileReference; fileEncoding = 4; lastKnownFileType = text.plist.xml; path = stylisticDevices_en.plist; sourceTree = "<group>"; };
		63B929751CBE751B0019206F /* CustomHUD.swift */ = {isa = PBXFileReference; fileEncoding = 4; lastKnownFileType = sourcecode.swift; path = CustomHUD.swift; sourceTree = "<group>"; };
		63B929791CBE90F00019206F /* SnapshotHelper.swift */ = {isa = PBXFileReference; fileEncoding = 4; lastKnownFileType = sourcecode.swift; path = SnapshotHelper.swift; sourceTree = "<group>"; };
		63BAEA2D1B49CA67004182FA /* DeviceList.swift */ = {isa = PBXFileReference; fileEncoding = 4; lastKnownFileType = sourcecode.swift; path = DeviceList.swift; sourceTree = "<group>"; };
		63BE3FFC1BC1AC830007EE6D /* FeedbackVC.swift */ = {isa = PBXFileReference; fileEncoding = 4; lastKnownFileType = sourcecode.swift; path = FeedbackVC.swift; sourceTree = "<group>"; };
		63BE3FFE1BC1AC9C0007EE6D /* FeedbackPositiveVC.swift */ = {isa = PBXFileReference; fileEncoding = 4; lastKnownFileType = sourcecode.swift; path = FeedbackPositiveVC.swift; sourceTree = "<group>"; };
		63BE40001BC1ACAF0007EE6D /* FeedbackNegativeVC.swift */ = {isa = PBXFileReference; fileEncoding = 4; lastKnownFileType = sourcecode.swift; path = FeedbackNegativeVC.swift; sourceTree = "<group>"; };
		63C0D7F11B51211C004EAF81 /* UIImage+.swift */ = {isa = PBXFileReference; fileEncoding = 4; lastKnownFileType = sourcecode.swift; path = "UIImage+.swift"; sourceTree = "<group>"; };
		63C542A31BC501E600EBB370 /* FeedbackThanksVC.swift */ = {isa = PBXFileReference; fileEncoding = 4; lastKnownFileType = sourcecode.swift; path = FeedbackThanksVC.swift; sourceTree = "<group>"; };
		63C801FB1A07E18E003240B5 /* MyPlayground.playground */ = {isa = PBXFileReference; lastKnownFileType = file.playground; path = MyPlayground.playground; sourceTree = "<group>"; };
		63D0B29B1BDFFD5100380DF7 /* AboutVC.swift */ = {isa = PBXFileReference; fileEncoding = 4; lastKnownFileType = sourcecode.swift; path = AboutVC.swift; sourceTree = "<group>"; };
		63D0B29D1BDFFD8C00380DF7 /* OtherAppsCell.swift */ = {isa = PBXFileReference; fileEncoding = 4; lastKnownFileType = sourcecode.swift; path = OtherAppsCell.swift; sourceTree = "<group>"; };
		63D0B2A41BDFFE6A00380DF7 /* UIImage+Resize.swift */ = {isa = PBXFileReference; fileEncoding = 4; lastKnownFileType = sourcecode.swift; path = "UIImage+Resize.swift"; sourceTree = "<group>"; };
		63D525CF1BC035D9003F35AC /* RoundedButton.swift */ = {isa = PBXFileReference; fileEncoding = 4; lastKnownFileType = sourcecode.swift; path = RoundedButton.swift; sourceTree = "<group>"; };
		63D69BCA1BEACBDB0044A00B /* UIColor+RhetoricaColors.swift */ = {isa = PBXFileReference; fileEncoding = 4; lastKnownFileType = sourcecode.swift; path = "UIColor+RhetoricaColors.swift"; sourceTree = "<group>"; };
		63E274301BDFBFAA0039D1C1 /* Language.swift */ = {isa = PBXFileReference; fileEncoding = 4; lastKnownFileType = sourcecode.swift; path = Language.swift; sourceTree = "<group>"; };
		63E58E0C1BD954B500C717B6 /* CollectionType+.swift */ = {isa = PBXFileReference; fileEncoding = 4; lastKnownFileType = sourcecode.swift; path = "CollectionType+.swift"; sourceTree = "<group>"; };
		63E8541B1CBD1B66005B5DD9 /* RhetoricaUITests.xctest */ = {isa = PBXFileReference; explicitFileType = wrapper.cfbundle; includeInIndex = 0; path = RhetoricaUITests.xctest; sourceTree = BUILT_PRODUCTS_DIR; };
		63E8541D1CBD1B66005B5DD9 /* RhetoricaUITests.swift */ = {isa = PBXFileReference; lastKnownFileType = sourcecode.swift; path = RhetoricaUITests.swift; sourceTree = "<group>"; };
		63E8541F1CBD1B66005B5DD9 /* Info.plist */ = {isa = PBXFileReference; lastKnownFileType = text.plist.xml; path = Info.plist; sourceTree = "<group>"; };
		63EA0C0F19F1A59200976A90 /* StylisticDevice.swift */ = {isa = PBXFileReference; fileEncoding = 4; lastKnownFileType = sourcecode.swift; path = StylisticDevice.swift; sourceTree = "<group>"; };
		63EB1F7B1BBB32A10005A996 /* Pin.swift */ = {isa = PBXFileReference; fileEncoding = 4; lastKnownFileType = sourcecode.swift; path = Pin.swift; sourceTree = "<group>"; };
		63FA42D31C07F3FA00E70375 /* Base */ = {isa = PBXFileReference; lastKnownFileType = text.plist.strings; name = Base; path = Base.lproj/Localizable.strings; sourceTree = "<group>"; };
		960687A9770D045DECE40364 /* Pods-Rhetorica.debug.xcconfig */ = {isa = PBXFileReference; includeInIndex = 1; lastKnownFileType = text.xcconfig; name = "Pods-Rhetorica.debug.xcconfig"; path = "Pods/Target Support Files/Pods-Rhetorica/Pods-Rhetorica.debug.xcconfig"; sourceTree = "<group>"; };
/* End PBXFileReference section */

/* Begin PBXFrameworksBuildPhase section */
		631E363219F060D500CD2DEB /* Frameworks */ = {
			isa = PBXFrameworksBuildPhase;
			buildActionMask = 2147483647;
			files = (
				5AD28231B3FC6D471A754A89 /* Pods_Rhetorica.framework in Frameworks */,
			);
			runOnlyForDeploymentPostprocessing = 0;
		};
		631E364719F060D500CD2DEB /* Frameworks */ = {
			isa = PBXFrameworksBuildPhase;
			buildActionMask = 2147483647;
			files = (
			);
			runOnlyForDeploymentPostprocessing = 0;
		};
		63E854181CBD1B66005B5DD9 /* Frameworks */ = {
			isa = PBXFrameworksBuildPhase;
			buildActionMask = 2147483647;
			files = (
			);
			runOnlyForDeploymentPostprocessing = 0;
		};
/* End PBXFrameworksBuildPhase section */

/* Begin PBXGroup section */
		631E362C19F060D500CD2DEB = {
			isa = PBXGroup;
			children = (
				631B18DA1CBECE2600440D73 /* fastlane */,
				631E363719F060D500CD2DEB /* Rhetorica */,
				631E364D19F060D500CD2DEB /* RhetoricaTests */,
				63E8541C1CBD1B66005B5DD9 /* RhetoricaUITests */,
				631E363619F060D500CD2DEB /* Products */,
				D0D9BD9A53511BC02756673E /* Pods */,
				8A80B948D6F0526510DC6DED /* Frameworks */,
			);
			sourceTree = "<group>";
		};
		631E363619F060D500CD2DEB /* Products */ = {
			isa = PBXGroup;
			children = (
				631E363519F060D500CD2DEB /* Rhetorica.app */,
				631E364A19F060D500CD2DEB /* RhetoricaTests.xctest */,
				63E8541B1CBD1B66005B5DD9 /* RhetoricaUITests.xctest */,
			);
			name = Products;
			sourceTree = "<group>";
		};
		631E363719F060D500CD2DEB /* Rhetorica */ = {
			isa = PBXGroup;
			children = (
				631E363A19F060D500CD2DEB /* AppDelegate.swift */,
				63FEAAB41CC97E24002DC594 /* Assets */,
				63E58E0E1BD954BD00C717B6 /* Extensions */,
				63BAEA301B49D06F004182FA /* Models */,
				63C542A81BC507FD00EBB370 /* Views */,
				63BAEA2F1B49CF8E004182FA /* Controllers */,
				631E363819F060D500CD2DEB /* Supporting Files */,
			);
			path = Rhetorica;
			sourceTree = "<group>";
		};
		631E363819F060D500CD2DEB /* Supporting Files */ = {
			isa = PBXGroup;
			children = (
				6357C3811BDD9B9700337BFC /* Localizable.strings */,
				630C60991CB5150300E9054F /* Info.plist */,
				631521271CB9471300C192E0 /* InfoPlist.strings */,
				63C801FB1A07E18E003240B5 /* MyPlayground.playground */,
			);
			name = "Supporting Files";
			sourceTree = "<group>";
		};
		631E364D19F060D500CD2DEB /* RhetoricaTests */ = {
			isa = PBXGroup;
			children = (
				631E365019F060D500CD2DEB /* RhetoricaTests.swift */,
				631E364E19F060D500CD2DEB /* Supporting Files */,
			);
			path = RhetoricaTests;
			sourceTree = "<group>";
		};
		631E364E19F060D500CD2DEB /* Supporting Files */ = {
			isa = PBXGroup;
			children = (
				631E364F19F060D500CD2DEB /* Info.plist */,
			);
			name = "Supporting Files";
			sourceTree = "<group>";
		};
		6320D6771BEEDEB100D4D6D8 /* Empty Table View */ = {
			isa = PBXGroup;
			children = (
				634526D01BEEB9E30028E4E9 /* NoDeviceView.xib */,
				634526D91BEEDA620028E4E9 /* NoListView.xib */,
			);
			name = "Empty Table View";
			path = Base.lproj;
			sourceTree = "<group>";
		};
		6320D6781BEEDEC200D4D6D8 /* Cells */ = {
			isa = PBXGroup;
			children = (
				63D0B29D1BDFFD8C00380DF7 /* OtherAppsCell.swift */,
				636DE7AA1BE3DA5E009B2BA5 /* PinnableDeviceCell.swift */,
			);
			name = Cells;
			sourceTree = "<group>";
		};
		6320D6791BEEDED200D4D6D8 /* Buttons */ = {
			isa = PBXGroup;
			children = (
				636DE7A61BE3C512009B2BA5 /* QuizButton.swift */,
				63D525CF1BC035D9003F35AC /* RoundedButton.swift */,
			);
			name = Buttons;
			sourceTree = "<group>";
		};
		63BAEA2F1B49CF8E004182FA /* Controllers */ = {
			isa = PBXGroup;
			children = (
				63A16D631D0622980019D624 /* LaunchScreen.storyboard */,
				631E363E19F060D500CD2DEB /* Main.storyboard */,
				631E365C19F069A800CD2DEB /* MasterVC.swift */,
				631E365E19F069C700CD2DEB /* DetailVC.swift */,
				634D6B4B1A27F90D0043AA5F /* WikipediaVC.swift */,
				631E366019F06BCA00CD2DEB /* ListVC.swift */,
				63D0B29B1BDFFD5100380DF7 /* AboutVC.swift */,
				6350F1F81A0A9DB60060F055 /* QuizVC.swift */,
				63463EED1A0BFE8C000C0BBD /* QuizResultsVC.swift */,
				636DE7A81BE3D27C009B2BA5 /* QuizWrongAnswersVC.swift */,
				63C542A71BC5078900EBB370 /* Feedback */,
			);
			path = Controllers;
			sourceTree = "<group>";
		};
		63BAEA301B49D06F004182FA /* Models */ = {
			isa = PBXGroup;
			children = (
				63E274301BDFBFAA0039D1C1 /* Language.swift */,
				63EA0C0F19F1A59200976A90 /* StylisticDevice.swift */,
				63BAEA2D1B49CA67004182FA /* DeviceList.swift */,
				636DE7A21BE3AD78009B2BA5 /* Question.swift */,
				636DE7A41BE3B46C009B2BA5 /* QuestionSet.swift */,
			);
			path = Models;
			sourceTree = "<group>";
		};
		63C542A71BC5078900EBB370 /* Feedback */ = {
			isa = PBXGroup;
			children = (
				6357C3891BDDA4EB00337BFC /* Feedback.storyboard */,
				63BE3FFC1BC1AC830007EE6D /* FeedbackVC.swift */,
				63BE3FFE1BC1AC9C0007EE6D /* FeedbackPositiveVC.swift */,
				63BE40001BC1ACAF0007EE6D /* FeedbackNegativeVC.swift */,
				638F91371C0690EB00AF75EB /* FeedbackSharingVC.swift */,
				638F91391C06942F00AF75EB /* FeedbackLikingVC.swift */,
				63C542A31BC501E600EBB370 /* FeedbackThanksVC.swift */,
			);
			name = Feedback;
			sourceTree = "<group>";
		};
		63C542A81BC507FD00EBB370 /* Views */ = {
			isa = PBXGroup;
			children = (
				636DE7A01BE3A4FA009B2BA5 /* LineChart.swift */,
				63B929751CBE751B0019206F /* CustomHUD.swift */,
				63EB1F7B1BBB32A10005A996 /* Pin.swift */,
				6320D6791BEEDED200D4D6D8 /* Buttons */,
				6320D6781BEEDEC200D4D6D8 /* Cells */,
				6320D6771BEEDEB100D4D6D8 /* Empty Table View */,
			);
			path = Views;
			sourceTree = "<group>";
		};
		63E58E0E1BD954BD00C717B6 /* Extensions */ = {
			isa = PBXGroup;
			children = (
				6351D05D1CEA45410076D3FD /* FacebookLogger.swift */,
				63C0D7F11B51211C004EAF81 /* UIImage+.swift */,
				63D0B2A41BDFFE6A00380DF7 /* UIImage+Resize.swift */,
				63E58E0C1BD954B500C717B6 /* CollectionType+.swift */,
				63D69BCA1BEACBDB0044A00B /* UIColor+RhetoricaColors.swift */,
			);
			path = Extensions;
			sourceTree = "<group>";
		};
		63E8541C1CBD1B66005B5DD9 /* RhetoricaUITests */ = {
			isa = PBXGroup;
			children = (
				63E8541D1CBD1B66005B5DD9 /* RhetoricaUITests.swift */,
				63B929791CBE90F00019206F /* SnapshotHelper.swift */,
				63E8541F1CBD1B66005B5DD9 /* Info.plist */,
			);
			path = RhetoricaUITests;
			sourceTree = "<group>";
		};
		63FEAAB41CC97E24002DC594 /* Assets */ = {
			isa = PBXGroup;
			children = (
				631E364119F060D500CD2DEB /* Images.xcassets */,
				63A16D741D062ABD0019D624 /* stylisticDevices_de.plist */,
				63A16D751D062ABD0019D624 /* stylisticDevices_en.plist */,
			);
			path = Assets;
			sourceTree = "<group>";
		};
		8A80B948D6F0526510DC6DED /* Frameworks */ = {
			isa = PBXGroup;
			children = (
				1A0EACFD15FD5DD4426087EB /* Pods_Rhetorica.framework */,
			);
			name = Frameworks;
			sourceTree = "<group>";
		};
		D0D9BD9A53511BC02756673E /* Pods */ = {
			isa = PBXGroup;
			children = (
				960687A9770D045DECE40364 /* Pods-Rhetorica.debug.xcconfig */,
				0A1E9A4814F77251BA6DC3C6 /* Pods-Rhetorica.release.xcconfig */,
			);
			name = Pods;
			sourceTree = "<group>";
		};
/* End PBXGroup section */

/* Begin PBXNativeTarget section */
		631E363419F060D500CD2DEB /* Rhetorica */ = {
			isa = PBXNativeTarget;
			buildConfigurationList = 631E365419F060D500CD2DEB /* Build configuration list for PBXNativeTarget "Rhetorica" */;
			buildPhases = (
				F28B8B6CECFC12795DF86BE7 /* 📦 Check Pods Manifest.lock */,
				631E363119F060D500CD2DEB /* Sources */,
				631E363219F060D500CD2DEB /* Frameworks */,
				631E363319F060D500CD2DEB /* Resources */,
				F6E9BDBD58AE470506B8F0ED /* 📦 Embed Pods Frameworks */,
				956B8353F5989187DD5A5883 /* 📦 Copy Pods Resources */,
			);
			buildRules = (
			);
			dependencies = (
			);
			name = Rhetorica;
			productName = Rhetorica;
			productReference = 631E363519F060D500CD2DEB /* Rhetorica.app */;
			productType = "com.apple.product-type.application";
		};
		631E364919F060D500CD2DEB /* RhetoricaTests */ = {
			isa = PBXNativeTarget;
			buildConfigurationList = 631E365719F060D500CD2DEB /* Build configuration list for PBXNativeTarget "RhetoricaTests" */;
			buildPhases = (
				631E364619F060D500CD2DEB /* Sources */,
				631E364719F060D500CD2DEB /* Frameworks */,
				631E364819F060D500CD2DEB /* Resources */,
			);
			buildRules = (
			);
			dependencies = (
				631E364C19F060D500CD2DEB /* PBXTargetDependency */,
			);
			name = RhetoricaTests;
			productName = RhetoricaTests;
			productReference = 631E364A19F060D500CD2DEB /* RhetoricaTests.xctest */;
			productType = "com.apple.product-type.bundle.unit-test";
		};
		63E8541A1CBD1B66005B5DD9 /* RhetoricaUITests */ = {
			isa = PBXNativeTarget;
			buildConfigurationList = 63E854241CBD1B66005B5DD9 /* Build configuration list for PBXNativeTarget "RhetoricaUITests" */;
			buildPhases = (
				63E854171CBD1B66005B5DD9 /* Sources */,
				63E854181CBD1B66005B5DD9 /* Frameworks */,
				63E854191CBD1B66005B5DD9 /* Resources */,
			);
			buildRules = (
			);
			dependencies = (
				63E854211CBD1B66005B5DD9 /* PBXTargetDependency */,
			);
			name = RhetoricaUITests;
			productName = RhetoricaUITests;
			productReference = 63E8541B1CBD1B66005B5DD9 /* RhetoricaUITests.xctest */;
			productType = "com.apple.product-type.bundle.ui-testing";
		};
/* End PBXNativeTarget section */

/* Begin PBXProject section */
		631E362D19F060D500CD2DEB /* Project object */ = {
			isa = PBXProject;
			attributes = {
				LastSwiftMigration = 0700;
				LastSwiftUpdateCheck = 0730;
				LastUpgradeCheck = 0710;
				ORGANIZATIONNAME = "Nick Podratz";
				TargetAttributes = {
					631E363419F060D500CD2DEB = {
						CreatedOnToolsVersion = 6.0;
						DevelopmentTeam = P345AM94MQ;
					};
					631E364919F060D500CD2DEB = {
						CreatedOnToolsVersion = 6.0;
						TestTargetID = 631E363419F060D500CD2DEB;
					};
					63E8541A1CBD1B66005B5DD9 = {
						CreatedOnToolsVersion = 7.3;
						TestTargetID = 631E363419F060D500CD2DEB;
					};
				};
			};
			buildConfigurationList = 631E363019F060D500CD2DEB /* Build configuration list for PBXProject "Rhetorica" */;
			compatibilityVersion = "Xcode 3.2";
			developmentRegion = German;
			hasScannedForEncodings = 0;
			knownRegions = (
				Base,
				en,
			);
			mainGroup = 631E362C19F060D500CD2DEB;
			productRefGroup = 631E363619F060D500CD2DEB /* Products */;
			projectDirPath = "";
			projectRoot = "";
			targets = (
				631E363419F060D500CD2DEB /* Rhetorica */,
				631E364919F060D500CD2DEB /* RhetoricaTests */,
				63E8541A1CBD1B66005B5DD9 /* RhetoricaUITests */,
			);
		};
/* End PBXProject section */

/* Begin PBXResourcesBuildPhase section */
		631E363319F060D500CD2DEB /* Resources */ = {
			isa = PBXResourcesBuildPhase;
			buildActionMask = 2147483647;
			files = (
				631521251CB9471300C192E0 /* InfoPlist.strings in Resources */,
				634526D71BEEDA620028E4E9 /* NoListView.xib in Resources */,
				633FDE5A1BDFB359002DCBC6 /* Main.storyboard in Resources */,
				63A16D771D062ABD0019D624 /* stylisticDevices_en.plist in Resources */,
				63A16D761D062ABD0019D624 /* stylisticDevices_de.plist in Resources */,
				6357C3871BDDA4EB00337BFC /* Feedback.storyboard in Resources */,
				631B18DB1CBECE2600440D73 /* fastlane in Resources */,
				634526CE1BEEB9E30028E4E9 /* NoDeviceView.xib in Resources */,
				63A16D641D0622980019D624 /* LaunchScreen.storyboard in Resources */,
				6357C37F1BDD9B9700337BFC /* Localizable.strings in Resources */,
				631E364219F060D500CD2DEB /* Images.xcassets in Resources */,
			);
			runOnlyForDeploymentPostprocessing = 0;
		};
		631E364819F060D500CD2DEB /* Resources */ = {
			isa = PBXResourcesBuildPhase;
			buildActionMask = 2147483647;
			files = (
			);
			runOnlyForDeploymentPostprocessing = 0;
		};
		63E854191CBD1B66005B5DD9 /* Resources */ = {
			isa = PBXResourcesBuildPhase;
			buildActionMask = 2147483647;
			files = (
			);
			runOnlyForDeploymentPostprocessing = 0;
		};
/* End PBXResourcesBuildPhase section */

/* Begin PBXShellScriptBuildPhase section */
		956B8353F5989187DD5A5883 /* 📦 Copy Pods Resources */ = {
			isa = PBXShellScriptBuildPhase;
			buildActionMask = 2147483647;
			files = (
			);
			inputPaths = (
			);
			name = "📦 Copy Pods Resources";
			outputPaths = (
			);
			runOnlyForDeploymentPostprocessing = 0;
			shellPath = /bin/sh;
			shellScript = "\"${SRCROOT}/Pods/Target Support Files/Pods-Rhetorica/Pods-Rhetorica-resources.sh\"\n";
			showEnvVarsInLog = 0;
		};
		F28B8B6CECFC12795DF86BE7 /* 📦 Check Pods Manifest.lock */ = {
			isa = PBXShellScriptBuildPhase;
			buildActionMask = 2147483647;
			files = (
			);
			inputPaths = (
			);
			name = "📦 Check Pods Manifest.lock";
			outputPaths = (
			);
			runOnlyForDeploymentPostprocessing = 0;
			shellPath = /bin/sh;
			shellScript = "diff \"${PODS_ROOT}/../Podfile.lock\" \"${PODS_ROOT}/Manifest.lock\" > /dev/null\nif [[ $? != 0 ]] ; then\n    cat << EOM\nerror: The sandbox is not in sync with the Podfile.lock. Run 'pod install' or update your CocoaPods installation.\nEOM\n    exit 1\nfi\n";
			showEnvVarsInLog = 0;
		};
		F6E9BDBD58AE470506B8F0ED /* 📦 Embed Pods Frameworks */ = {
			isa = PBXShellScriptBuildPhase;
			buildActionMask = 2147483647;
			files = (
			);
			inputPaths = (
			);
			name = "📦 Embed Pods Frameworks";
			outputPaths = (
			);
			runOnlyForDeploymentPostprocessing = 0;
			shellPath = /bin/sh;
			shellScript = "\"${SRCROOT}/Pods/Target Support Files/Pods-Rhetorica/Pods-Rhetorica-frameworks.sh\"\n";
			showEnvVarsInLog = 0;
		};
/* End PBXShellScriptBuildPhase section */

/* Begin PBXSourcesBuildPhase section */
		631E363119F060D500CD2DEB /* Sources */ = {
			isa = PBXSourcesBuildPhase;
			buildActionMask = 2147483647;
			files = (
				636DE7A91BE3D27C009B2BA5 /* QuizWrongAnswersVC.swift in Sources */,
				634D6B4C1A27F90D0043AA5F /* WikipediaVC.swift in Sources */,
				63E58E0D1BD954B500C717B6 /* CollectionType+.swift in Sources */,
				63D69BCB1BEACBDB0044A00B /* UIColor+RhetoricaColors.swift in Sources */,
				63463EEE1A0BFE8C000C0BBD /* QuizResultsVC.swift in Sources */,
				638F91381C0690EB00AF75EB /* FeedbackSharingVC.swift in Sources */,
				63E274311BDFBFAA0039D1C1 /* Language.swift in Sources */,
				638F913A1C06942F00AF75EB /* FeedbackLikingVC.swift in Sources */,
				636DE7A11BE3A4FA009B2BA5 /* LineChart.swift in Sources */,
				6351D05E1CEA45410076D3FD /* FacebookLogger.swift in Sources */,
				63EA0C1019F1A59200976A90 /* StylisticDevice.swift in Sources */,
				63BE3FFD1BC1AC830007EE6D /* FeedbackVC.swift in Sources */,
				63D0B29C1BDFFD5100380DF7 /* AboutVC.swift in Sources */,
				63EB1F7C1BBB32A10005A996 /* Pin.swift in Sources */,
				63D0B29E1BDFFD8C00380DF7 /* OtherAppsCell.swift in Sources */,
				6350F1F91A0A9DB60060F055 /* QuizVC.swift in Sources */,
				63BE40011BC1ACAF0007EE6D /* FeedbackNegativeVC.swift in Sources */,
				636DE7A31BE3AD78009B2BA5 /* Question.swift in Sources */,
				631E365D19F069A800CD2DEB /* MasterVC.swift in Sources */,
				63BAEA2E1B49CA67004182FA /* DeviceList.swift in Sources */,
				631E365F19F069C700CD2DEB /* DetailVC.swift in Sources */,
				631E366119F06BCA00CD2DEB /* ListVC.swift in Sources */,
				63C542A41BC501E600EBB370 /* FeedbackThanksVC.swift in Sources */,
				63C0D7F21B51211C004EAF81 /* UIImage+.swift in Sources */,
				63BE3FFF1BC1AC9C0007EE6D /* FeedbackPositiveVC.swift in Sources */,
				631E363B19F060D500CD2DEB /* AppDelegate.swift in Sources */,
				636DE7A71BE3C512009B2BA5 /* QuizButton.swift in Sources */,
				636DE7A51BE3B46C009B2BA5 /* QuestionSet.swift in Sources */,
				63D525D01BC035D9003F35AC /* RoundedButton.swift in Sources */,
				63D0B2A51BDFFE6A00380DF7 /* UIImage+Resize.swift in Sources */,
				63B929761CBE751B0019206F /* CustomHUD.swift in Sources */,
				636DE7AB1BE3DA5E009B2BA5 /* PinnableDeviceCell.swift in Sources */,
			);
			runOnlyForDeploymentPostprocessing = 0;
		};
		631E364619F060D500CD2DEB /* Sources */ = {
			isa = PBXSourcesBuildPhase;
			buildActionMask = 2147483647;
			files = (
				631E365119F060D500CD2DEB /* RhetoricaTests.swift in Sources */,
			);
			runOnlyForDeploymentPostprocessing = 0;
		};
		63E854171CBD1B66005B5DD9 /* Sources */ = {
			isa = PBXSourcesBuildPhase;
			buildActionMask = 2147483647;
			files = (
				63E8541E1CBD1B66005B5DD9 /* RhetoricaUITests.swift in Sources */,
				63B9297A1CBE90F00019206F /* SnapshotHelper.swift in Sources */,
			);
			runOnlyForDeploymentPostprocessing = 0;
		};
/* End PBXSourcesBuildPhase section */

/* Begin PBXTargetDependency section */
		631E364C19F060D500CD2DEB /* PBXTargetDependency */ = {
			isa = PBXTargetDependency;
			target = 631E363419F060D500CD2DEB /* Rhetorica */;
			targetProxy = 631E364B19F060D500CD2DEB /* PBXContainerItemProxy */;
		};
		63E854211CBD1B66005B5DD9 /* PBXTargetDependency */ = {
			isa = PBXTargetDependency;
			target = 631E363419F060D500CD2DEB /* Rhetorica */;
			targetProxy = 63E854201CBD1B66005B5DD9 /* PBXContainerItemProxy */;
		};
/* End PBXTargetDependency section */

/* Begin PBXVariantGroup section */
		631521271CB9471300C192E0 /* InfoPlist.strings */ = {
			isa = PBXVariantGroup;
			children = (
				631521261CB9471300C192E0 /* Base */,
				631521281CB9471D00C192E0 /* en */,
			);
			name = InfoPlist.strings;
			sourceTree = "<group>";
		};
		631E363E19F060D500CD2DEB /* Main.storyboard */ = {
			isa = PBXVariantGroup;
			children = (
				631E363F19F060D500CD2DEB /* Base */,
				634526DC1BEEDAB00028E4E9 /* en */,
			);
			name = Main.storyboard;
			path = ..;
			sourceTree = "<group>";
		};
		634526D01BEEB9E30028E4E9 /* NoDeviceView.xib */ = {
			isa = PBXVariantGroup;
			children = (
				634526CF1BEEB9E30028E4E9 /* Base */,
				634526D21BEEB9E90028E4E9 /* en */,
			);
			name = NoDeviceView.xib;
			path = ..;
			sourceTree = "<group>";
		};
		634526D91BEEDA620028E4E9 /* NoListView.xib */ = {
			isa = PBXVariantGroup;
			children = (
				634526D81BEEDA620028E4E9 /* Base */,
				634526DB1BEEDA640028E4E9 /* en */,
			);
			name = NoListView.xib;
			path = ..;
			sourceTree = "<group>";
		};
		6357C3811BDD9B9700337BFC /* Localizable.strings */ = {
			isa = PBXVariantGroup;
			children = (
				6357C3841BDD9C6400337BFC /* en */,
				63FA42D31C07F3FA00E70375 /* Base */,
			);
			name = Localizable.strings;
			sourceTree = "<group>";
		};
		6357C3891BDDA4EB00337BFC /* Feedback.storyboard */ = {
			isa = PBXVariantGroup;
			children = (
				633FDE5B1BDFB399002DCBC6 /* Base */,
				638322A31C0E14BD00DF305A /* en */,
			);
			name = Feedback.storyboard;
			path = ..;
			sourceTree = "<group>";
		};
/* End PBXVariantGroup section */

/* Begin XCBuildConfiguration section */
		631E365219F060D500CD2DEB /* Debug */ = {
			isa = XCBuildConfiguration;
			baseConfigurationReference = 960687A9770D045DECE40364 /* Pods-Rhetorica.debug.xcconfig */;
			buildSettings = {
				ALWAYS_SEARCH_USER_PATHS = NO;
				CLANG_CXX_LANGUAGE_STANDARD = "gnu++0x";
				CLANG_CXX_LIBRARY = "libc++";
				CLANG_ENABLE_MODULES = YES;
				CLANG_ENABLE_OBJC_ARC = YES;
				CLANG_WARN_BOOL_CONVERSION = YES;
				CLANG_WARN_CONSTANT_CONVERSION = YES;
				CLANG_WARN_DIRECT_OBJC_ISA_USAGE = YES_ERROR;
				CLANG_WARN_EMPTY_BODY = YES;
				CLANG_WARN_ENUM_CONVERSION = YES;
				CLANG_WARN_INT_CONVERSION = YES;
				CLANG_WARN_OBJC_ROOT_CLASS = YES_ERROR;
				CLANG_WARN_UNREACHABLE_CODE = YES;
				CLANG_WARN__DUPLICATE_METHOD_MATCH = YES;
				CODE_SIGN_IDENTITY = "iPhone Developer";
				"CODE_SIGN_IDENTITY[sdk=iphoneos*]" = "iPhone Developer";
				COPY_PHASE_STRIP = NO;
				ENABLE_STRICT_OBJC_MSGSEND = YES;
				ENABLE_TESTABILITY = YES;
				GCC_C_LANGUAGE_STANDARD = gnu99;
				GCC_DYNAMIC_NO_PIC = NO;
				GCC_OPTIMIZATION_LEVEL = 0;
				GCC_PREPROCESSOR_DEFINITIONS = (
					"DEBUG=1",
					"$(inherited)",
				);
				GCC_SYMBOLS_PRIVATE_EXTERN = NO;
				GCC_WARN_64_TO_32_BIT_CONVERSION = YES;
				GCC_WARN_ABOUT_RETURN_TYPE = YES_ERROR;
				GCC_WARN_UNDECLARED_SELECTOR = YES;
				GCC_WARN_UNINITIALIZED_AUTOS = YES_AGGRESSIVE;
				GCC_WARN_UNUSED_FUNCTION = YES;
				GCC_WARN_UNUSED_VARIABLE = YES;
				INFOPLIST_FILE = "$(SRCROOT)/Rhetorica/Info.plist";
				IPHONEOS_DEPLOYMENT_TARGET = 8.0;
				MTL_ENABLE_DEBUG_INFO = YES;
				ONLY_ACTIVE_ARCH = YES;
				PROVISIONING_PROFILE = "";
				SDKROOT = iphoneos;
				SWIFT_OPTIMIZATION_LEVEL = "-Onone";
				TARGETED_DEVICE_FAMILY = "1,2";
			};
			name = Debug;
		};
		631E365319F060D500CD2DEB /* Release */ = {
			isa = XCBuildConfiguration;
			baseConfigurationReference = 0A1E9A4814F77251BA6DC3C6 /* Pods-Rhetorica.release.xcconfig */;
			buildSettings = {
				ALWAYS_SEARCH_USER_PATHS = NO;
				CLANG_CXX_LANGUAGE_STANDARD = "gnu++0x";
				CLANG_CXX_LIBRARY = "libc++";
				CLANG_ENABLE_MODULES = YES;
				CLANG_ENABLE_OBJC_ARC = YES;
				CLANG_WARN_BOOL_CONVERSION = YES;
				CLANG_WARN_CONSTANT_CONVERSION = YES;
				CLANG_WARN_DIRECT_OBJC_ISA_USAGE = YES_ERROR;
				CLANG_WARN_EMPTY_BODY = YES;
				CLANG_WARN_ENUM_CONVERSION = YES;
				CLANG_WARN_INT_CONVERSION = YES;
				CLANG_WARN_OBJC_ROOT_CLASS = YES_ERROR;
				CLANG_WARN_UNREACHABLE_CODE = YES;
				CLANG_WARN__DUPLICATE_METHOD_MATCH = YES;
				CODE_SIGN_IDENTITY = "iPhone Distribution";
				"CODE_SIGN_IDENTITY[sdk=iphoneos*]" = "iPhone Distribution";
				COPY_PHASE_STRIP = YES;
				ENABLE_NS_ASSERTIONS = NO;
				ENABLE_STRICT_OBJC_MSGSEND = YES;
				GCC_C_LANGUAGE_STANDARD = gnu99;
				GCC_WARN_64_TO_32_BIT_CONVERSION = YES;
				GCC_WARN_ABOUT_RETURN_TYPE = YES_ERROR;
				GCC_WARN_UNDECLARED_SELECTOR = YES;
				GCC_WARN_UNINITIALIZED_AUTOS = YES_AGGRESSIVE;
				GCC_WARN_UNUSED_FUNCTION = YES;
				GCC_WARN_UNUSED_VARIABLE = YES;
				INFOPLIST_FILE = "$(SRCROOT)/Rhetorica/Info.plist";
				IPHONEOS_DEPLOYMENT_TARGET = 8.0;
				MTL_ENABLE_DEBUG_INFO = NO;
				ONLY_ACTIVE_ARCH = NO;
				PROVISIONING_PROFILE = "";
				SDKROOT = iphoneos;
				TARGETED_DEVICE_FAMILY = "1,2";
				VALIDATE_PRODUCT = YES;
			};
			name = Release;
		};
		631E365519F060D500CD2DEB /* Debug */ = {
			isa = XCBuildConfiguration;
			baseConfigurationReference = 960687A9770D045DECE40364 /* Pods-Rhetorica.debug.xcconfig */;
			buildSettings = {
				ASSETCATALOG_COMPILER_APPICON_NAME = AppIcon;
				CODE_SIGN_IDENTITY = "iPhone Developer";
				"CODE_SIGN_IDENTITY[sdk=iphoneos*]" = "iPhone Developer";
				INFOPLIST_FILE = "$(SRCROOT)/Rhetorica/Info.plist";
				IPHONEOS_DEPLOYMENT_TARGET = 8.0;
				LD_RUNPATH_SEARCH_PATHS = "$(inherited) @executable_path/Frameworks";
				ONLY_ACTIVE_ARCH = YES;
				PRODUCT_BUNDLE_IDENTIFIER = np.rhetorica;
				PRODUCT_NAME = "$(TARGET_NAME)";
				PROVISIONING_PROFILE = "";
				SWIFT_OBJC_BRIDGING_HEADER = "Rhetorica/Bridging-Header.h";
				TARGETED_DEVICE_FAMILY = "1,2";
			};
			name = Debug;
		};
		631E365619F060D500CD2DEB /* Release */ = {
			isa = XCBuildConfiguration;
			baseConfigurationReference = 0A1E9A4814F77251BA6DC3C6 /* Pods-Rhetorica.release.xcconfig */;
			buildSettings = {
				ASSETCATALOG_COMPILER_APPICON_NAME = AppIcon;
				CODE_SIGN_IDENTITY = "iPhone Developer";
				"CODE_SIGN_IDENTITY[sdk=iphoneos*]" = "iPhone Developer";
				INFOPLIST_FILE = "$(SRCROOT)/Rhetorica/Info.plist";
				IPHONEOS_DEPLOYMENT_TARGET = 8.0;
				LD_RUNPATH_SEARCH_PATHS = "$(inherited) @executable_path/Frameworks";
				ONLY_ACTIVE_ARCH = NO;
				PRODUCT_BUNDLE_IDENTIFIER = np.rhetorica;
				PRODUCT_NAME = "$(TARGET_NAME)";
				PROVISIONING_PROFILE = "";
				SWIFT_OBJC_BRIDGING_HEADER = "Rhetorica/Bridging-Header.h";
				SWIFT_OPTIMIZATION_LEVEL = "-Onone";
				TARGETED_DEVICE_FAMILY = "1,2";
			};
			name = Release;
		};
		631E365819F060D500CD2DEB /* Debug */ = {
			isa = XCBuildConfiguration;
			baseConfigurationReference = 960687A9770D045DECE40364 /* Pods-Rhetorica.debug.xcconfig */;
			buildSettings = {
				BUNDLE_LOADER = "$(TEST_HOST)";
				FRAMEWORK_SEARCH_PATHS = (
					"$(SDKROOT)/Developer/Library/Frameworks",
					"$(inherited)",
				);
				GCC_PREPROCESSOR_DEFINITIONS = (
					"DEBUG=1",
					"$(inherited)",
				);
				INFOPLIST_FILE = "$(SRCROOT)/Rhetorica/Info.plist";
				LD_RUNPATH_SEARCH_PATHS = "$(inherited) @executable_path/Frameworks @loader_path/Frameworks";
				PRODUCT_BUNDLE_IDENTIFIER = "np.$(PRODUCT_NAME:rfc1034identifier)";
				PRODUCT_NAME = "$(TARGET_NAME)";
				TEST_HOST = "$(BUILT_PRODUCTS_DIR)/Rhetorica.app/Rhetorica";
			};
			name = Debug;
		};
		631E365919F060D500CD2DEB /* Release */ = {
			isa = XCBuildConfiguration;
			baseConfigurationReference = 0A1E9A4814F77251BA6DC3C6 /* Pods-Rhetorica.release.xcconfig */;
			buildSettings = {
				BUNDLE_LOADER = "$(TEST_HOST)";
				FRAMEWORK_SEARCH_PATHS = (
					"$(SDKROOT)/Developer/Library/Frameworks",
					"$(inherited)",
				);
				INFOPLIST_FILE = "$(SRCROOT)/Rhetorica/Info.plist";
				LD_RUNPATH_SEARCH_PATHS = "$(inherited) @executable_path/Frameworks @loader_path/Frameworks";
				PRODUCT_BUNDLE_IDENTIFIER = "np.$(PRODUCT_NAME:rfc1034identifier)";
				PRODUCT_NAME = "$(TARGET_NAME)";
				TEST_HOST = "$(BUILT_PRODUCTS_DIR)/Rhetorica.app/Rhetorica";
			};
			name = Release;
		};
		63E854221CBD1B66005B5DD9 /* Debug */ = {
			isa = XCBuildConfiguration;
			baseConfigurationReference = 960687A9770D045DECE40364 /* Pods-Rhetorica.debug.xcconfig */;
			buildSettings = {
				CLANG_ANALYZER_NONNULL = YES;
				DEBUG_INFORMATION_FORMAT = dwarf;
				GCC_NO_COMMON_BLOCKS = YES;
				INFOPLIST_FILE = RhetoricaUITests/Info.plist;
				IPHONEOS_DEPLOYMENT_TARGET = 9.3;
				LD_RUNPATH_SEARCH_PATHS = "$(inherited) @executable_path/Frameworks @loader_path/Frameworks";
				PRODUCT_BUNDLE_IDENTIFIER = np.RhetoricaUITests;
				PRODUCT_NAME = "$(TARGET_NAME)";
				TEST_TARGET_NAME = Rhetorica;
			};
			name = Debug;
		};
		63E854231CBD1B66005B5DD9 /* Release */ = {
			isa = XCBuildConfiguration;
			baseConfigurationReference = 0A1E9A4814F77251BA6DC3C6 /* Pods-Rhetorica.release.xcconfig */;
			buildSettings = {
				CLANG_ANALYZER_NONNULL = YES;
				"CODE_SIGN_IDENTITY[sdk=iphoneos*]" = "iPhone Developer";
				COPY_PHASE_STRIP = NO;
				DEBUG_INFORMATION_FORMAT = "dwarf-with-dsym";
				GCC_NO_COMMON_BLOCKS = YES;
				INFOPLIST_FILE = RhetoricaUITests/Info.plist;
				IPHONEOS_DEPLOYMENT_TARGET = 9.3;
				LD_RUNPATH_SEARCH_PATHS = "$(inherited) @executable_path/Frameworks @loader_path/Frameworks";
				PRODUCT_BUNDLE_IDENTIFIER = np.RhetoricaUITests;
				PRODUCT_NAME = "$(TARGET_NAME)";
				TEST_TARGET_NAME = Rhetorica;
			};
			name = Release;
		};
/* End XCBuildConfiguration section */

/* Begin XCConfigurationList section */
		631E363019F060D500CD2DEB /* Build configuration list for PBXProject "Rhetorica" */ = {
			isa = XCConfigurationList;
			buildConfigurations = (
				631E365219F060D500CD2DEB /* Debug */,
				631E365319F060D500CD2DEB /* Release */,
			);
			defaultConfigurationIsVisible = 0;
			defaultConfigurationName = Release;
		};
		631E365419F060D500CD2DEB /* Build configuration list for PBXNativeTarget "Rhetorica" */ = {
			isa = XCConfigurationList;
			buildConfigurations = (
				631E365519F060D500CD2DEB /* Debug */,
				631E365619F060D500CD2DEB /* Release */,
			);
			defaultConfigurationIsVisible = 0;
			defaultConfigurationName = Release;
		};
		631E365719F060D500CD2DEB /* Build configuration list for PBXNativeTarget "RhetoricaTests" */ = {
			isa = XCConfigurationList;
			buildConfigurations = (
				631E365819F060D500CD2DEB /* Debug */,
				631E365919F060D500CD2DEB /* Release */,
			);
			defaultConfigurationIsVisible = 0;
			defaultConfigurationName = Release;
		};
		63E854241CBD1B66005B5DD9 /* Build configuration list for PBXNativeTarget "RhetoricaUITests" */ = {
			isa = XCConfigurationList;
			buildConfigurations = (
				63E854221CBD1B66005B5DD9 /* Debug */,
				63E854231CBD1B66005B5DD9 /* Release */,
			);
			defaultConfigurationIsVisible = 0;
			defaultConfigurationName = Release;
		};
/* End XCConfigurationList section */
	};
	rootObject = 631E362D19F060D500CD2DEB /* Project object */;
}
